
Microsoft Visual Studio Solution File, Format Version 12.00
# Visual Studio Version 16
VisualStudioVersion = 16.0.32413.511
MinimumVisualStudioVersion = 10.0.40219.1
Project("{2150E333-8FDC-42A3-9474-1A3956D46DE8}") = "Engine", "Engine", "{E3588EDF-EABE-4CA9-902C-F2171878EFC2}"
EndProject
Project("{2150E333-8FDC-42A3-9474-1A3956D46DE8}") = "Assets", "Assets", "{7CE7DEEF-071E-480C-A4A9-EAEB3380A539}"
EndProject
Project("{2150E333-8FDC-42A3-9474-1A3956D46DE8}") = "VGP242", "VGP242", "{980FADEB-9276-41DD-BB25-9B655711E8F1}"
EndProject
Project("{2150E333-8FDC-42A3-9474-1A3956D46DE8}") = "Framework", "Framework", "{B51FE066-B1CC-4868-B308-0B8D7CA6689A}"
EndProject
Project("{2150E333-8FDC-42A3-9474-1A3956D46DE8}") = "External", "External", "{ECF42A12-C210-4237-8251-C5AD6A845822}"
EndProject
Project("{8BC9CEB8-8B4A-11D0-8D11-00A0C91BC942}") = "BTEngine", "Engine\BTEngine\BTEngine.vcxproj", "{F4FD4D85-7CE3-465A-8B9C-6364606DF7FE}"
EndProject
Project("{8BC9CEB8-8B4A-11D0-8D11-00A0C91BC942}") = "Core", "Framework\Core\Core.vcxproj", "{E520C655-00D6-404B-9797-3BDB18E08847}"
EndProject
Project("{8BC9CEB8-8B4A-11D0-8D11-00A0C91BC942}") = "Input", "Framework\Input\Input.vcxproj", "{3629F01A-6FED-42EB-B308-E9F7F1346EAF}"
EndProject
Project("{8BC9CEB8-8B4A-11D0-8D11-00A0C91BC942}") = "Math", "Framework\Math\Math.vcxproj", "{4D79CE89-523E-44AD-916B-A75B5A4D0804}"
EndProject
Project("{8BC9CEB8-8B4A-11D0-8D11-00A0C91BC942}") = "Graphics", "Framework\Graphics\Graphics.vcxproj", "{1EA02C7F-60FA-4539-8930-1445509AD0EC}"
EndProject
Project("{8BC9CEB8-8B4A-11D0-8D11-00A0C91BC942}") = "01_HelloWindow", "VGP242\01_HelloWin\HelloWin.vcxproj", "{352850D4-617F-4114-8FC8-0A36FF1C6B22}"
EndProject
Project("{8BC9CEB8-8B4A-11D0-8D11-00A0C91BC942}") = "03_HelloShapes", "VGP242\02_HelloGraphics\HelloGraphics.vcxproj", "{AADBDEB8-AAD5-4354-89D1-32CDE3AD664C}"
EndProject
Project("{8BC9CEB8-8B4A-11D0-8D11-00A0C91BC942}") = "02_HelloGraphics", "VGP242\03_HelloShapes\03_HelloShapes.vcxproj", "{3F0D646E-276E-4054-8F12-FD80093594D2}"
EndProject
Project("{2150E333-8FDC-42A3-9474-1A3956D46DE8}") = "Shaders", "Shaders", "{8303C99A-D619-453D-AF66-9872AE8A3BE6}"
	ProjectSection(SolutionItems) = preProject
		Assets\Shaders\DoNothing.fx = Assets\Shaders\DoNothing.fx
		Assets\Shaders\DoSomething.fx = Assets\Shaders\DoSomething.fx
	EndProjectSection
EndProject
Global
	GlobalSection(SolutionConfigurationPlatforms) = preSolution
		Debug|x64 = Debug|x64
		Debug|x86 = Debug|x86
		Release|x64 = Release|x64
		Release|x86 = Release|x86
	EndGlobalSection
	GlobalSection(ProjectConfigurationPlatforms) = postSolution
		{F4FD4D85-7CE3-465A-8B9C-6364606DF7FE}.Debug|x64.ActiveCfg = Debug|x64
		{F4FD4D85-7CE3-465A-8B9C-6364606DF7FE}.Debug|x64.Build.0 = Debug|x64
		{F4FD4D85-7CE3-465A-8B9C-6364606DF7FE}.Debug|x86.ActiveCfg = Debug|Win32
		{F4FD4D85-7CE3-465A-8B9C-6364606DF7FE}.Debug|x86.Build.0 = Debug|Win32
		{F4FD4D85-7CE3-465A-8B9C-6364606DF7FE}.Release|x64.ActiveCfg = Release|x64
		{F4FD4D85-7CE3-465A-8B9C-6364606DF7FE}.Release|x64.Build.0 = Release|x64
		{F4FD4D85-7CE3-465A-8B9C-6364606DF7FE}.Release|x86.ActiveCfg = Release|Win32
		{F4FD4D85-7CE3-465A-8B9C-6364606DF7FE}.Release|x86.Build.0 = Release|Win32
		{E520C655-00D6-404B-9797-3BDB18E08847}.Debug|x64.ActiveCfg = Debug|x64
		{E520C655-00D6-404B-9797-3BDB18E08847}.Debug|x64.Build.0 = Debug|x64
		{E520C655-00D6-404B-9797-3BDB18E08847}.Debug|x86.ActiveCfg = Debug|Win32
		{E520C655-00D6-404B-9797-3BDB18E08847}.Debug|x86.Build.0 = Debug|Win32
		{E520C655-00D6-404B-9797-3BDB18E08847}.Release|x64.ActiveCfg = Release|x64
		{E520C655-00D6-404B-9797-3BDB18E08847}.Release|x64.Build.0 = Release|x64
		{E520C655-00D6-404B-9797-3BDB18E08847}.Release|x86.ActiveCfg = Release|Win32
		{E520C655-00D6-404B-9797-3BDB18E08847}.Release|x86.Build.0 = Release|Win32
		{3629F01A-6FED-42EB-B308-E9F7F1346EAF}.Debug|x64.ActiveCfg = Debug|x64
		{3629F01A-6FED-42EB-B308-E9F7F1346EAF}.Debug|x64.Build.0 = Debug|x64
		{3629F01A-6FED-42EB-B308-E9F7F1346EAF}.Debug|x86.ActiveCfg = Debug|Win32
		{3629F01A-6FED-42EB-B308-E9F7F1346EAF}.Debug|x86.Build.0 = Debug|Win32
		{3629F01A-6FED-42EB-B308-E9F7F1346EAF}.Release|x64.ActiveCfg = Release|x64
		{3629F01A-6FED-42EB-B308-E9F7F1346EAF}.Release|x64.Build.0 = Release|x64
		{3629F01A-6FED-42EB-B308-E9F7F1346EAF}.Release|x86.ActiveCfg = Release|Win32
		{3629F01A-6FED-42EB-B308-E9F7F1346EAF}.Release|x86.Build.0 = Release|Win32
		{4D79CE89-523E-44AD-916B-A75B5A4D0804}.Debug|x64.ActiveCfg = Debug|x64
		{4D79CE89-523E-44AD-916B-A75B5A4D0804}.Debug|x64.Build.0 = Debug|x64
		{4D79CE89-523E-44AD-916B-A75B5A4D0804}.Debug|x86.ActiveCfg = Debug|Win32
		{4D79CE89-523E-44AD-916B-A75B5A4D0804}.Debug|x86.Build.0 = Debug|Win32
		{4D79CE89-523E-44AD-916B-A75B5A4D0804}.Release|x64.ActiveCfg = Release|x64
		{4D79CE89-523E-44AD-916B-A75B5A4D0804}.Release|x64.Build.0 = Release|x64
		{4D79CE89-523E-44AD-916B-A75B5A4D0804}.Release|x86.ActiveCfg = Release|Win32
		{4D79CE89-523E-44AD-916B-A75B5A4D0804}.Release|x86.Build.0 = Release|Win32
		{1EA02C7F-60FA-4539-8930-1445509AD0EC}.Debug|x64.ActiveCfg = Debug|x64
		{1EA02C7F-60FA-4539-8930-1445509AD0EC}.Debug|x64.Build.0 = Debug|x64
		{1EA02C7F-60FA-4539-8930-1445509AD0EC}.Debug|x86.ActiveCfg = Debug|Win32
		{1EA02C7F-60FA-4539-8930-1445509AD0EC}.Debug|x86.Build.0 = Debug|Win32
		{1EA02C7F-60FA-4539-8930-1445509AD0EC}.Release|x64.ActiveCfg = Release|x64
		{1EA02C7F-60FA-4539-8930-1445509AD0EC}.Release|x64.Build.0 = Release|x64
		{1EA02C7F-60FA-4539-8930-1445509AD0EC}.Release|x86.ActiveCfg = Release|Win32
		{1EA02C7F-60FA-4539-8930-1445509AD0EC}.Release|x86.Build.0 = Release|Win32
		{352850D4-617F-4114-8FC8-0A36FF1C6B22}.Debug|x64.ActiveCfg = Debug|x64
		{352850D4-617F-4114-8FC8-0A36FF1C6B22}.Debug|x64.Build.0 = Debug|x64
		{352850D4-617F-4114-8FC8-0A36FF1C6B22}.Debug|x86.ActiveCfg = Debug|Win32
		{352850D4-617F-4114-8FC8-0A36FF1C6B22}.Debug|x86.Build.0 = Debug|Win32
		{352850D4-617F-4114-8FC8-0A36FF1C6B22}.Release|x64.ActiveCfg = Release|x64
		{352850D4-617F-4114-8FC8-0A36FF1C6B22}.Release|x64.Build.0 = Release|x64
		{352850D4-617F-4114-8FC8-0A36FF1C6B22}.Release|x86.ActiveCfg = Release|Win32
		{352850D4-617F-4114-8FC8-0A36FF1C6B22}.Release|x86.Build.0 = Release|Win32
		{AADBDEB8-AAD5-4354-89D1-32CDE3AD664C}.Debug|x64.ActiveCfg = Debug|x64
		{AADBDEB8-AAD5-4354-89D1-32CDE3AD664C}.Debug|x64.Build.0 = Debug|x64
		{AADBDEB8-AAD5-4354-89D1-32CDE3AD664C}.Debug|x86.ActiveCfg = Debug|Win32
		{AADBDEB8-AAD5-4354-89D1-32CDE3AD664C}.Debug|x86.Build.0 = Debug|Win32
		{AADBDEB8-AAD5-4354-89D1-32CDE3AD664C}.Release|x64.ActiveCfg = Release|x64
		{AADBDEB8-AAD5-4354-89D1-32CDE3AD664C}.Release|x64.Build.0 = Release|x64
		{AADBDEB8-AAD5-4354-89D1-32CDE3AD664C}.Release|x86.ActiveCfg = Release|Win32
		{AADBDEB8-AAD5-4354-89D1-32CDE3AD664C}.Release|x86.Build.0 = Release|Win32
		{3F0D646E-276E-4054-8F12-FD80093594D2}.Debug|x64.ActiveCfg = Debug|x64
		{3F0D646E-276E-4054-8F12-FD80093594D2}.Debug|x64.Build.0 = Debug|x64
		{3F0D646E-276E-4054-8F12-FD80093594D2}.Debug|x86.ActiveCfg = Debug|Win32
		{3F0D646E-276E-4054-8F12-FD80093594D2}.Debug|x86.Build.0 = Debug|Win32
		{3F0D646E-276E-4054-8F12-FD80093594D2}.Release|x64.ActiveCfg = Release|x64
		{3F0D646E-276E-4054-8F12-FD80093594D2}.Release|x64.Build.0 = Release|x64
		{3F0D646E-276E-4054-8F12-FD80093594D2}.Release|x86.ActiveCfg = Release|Win32
		{3F0D646E-276E-4054-8F12-FD80093594D2}.Release|x86.Build.0 = Release|Win32
	EndGlobalSection
	GlobalSection(SolutionProperties) = preSolution
		HideSolutionNode = FALSE
	EndGlobalSection
	GlobalSection(NestedProjects) = preSolution
		{F4FD4D85-7CE3-465A-8B9C-6364606DF7FE} = {E3588EDF-EABE-4CA9-902C-F2171878EFC2}
		{E520C655-00D6-404B-9797-3BDB18E08847} = {B51FE066-B1CC-4868-B308-0B8D7CA6689A}
		{3629F01A-6FED-42EB-B308-E9F7F1346EAF} = {B51FE066-B1CC-4868-B308-0B8D7CA6689A}
		{4D79CE89-523E-44AD-916B-A75B5A4D0804} = {B51FE066-B1CC-4868-B308-0B8D7CA6689A}
		{1EA02C7F-60FA-4539-8930-1445509AD0EC} = {B51FE066-B1CC-4868-B308-0B8D7CA6689A}
		{352850D4-617F-4114-8FC8-0A36FF1C6B22} = {980FADEB-9276-41DD-BB25-9B655711E8F1}
		{AADBDEB8-AAD5-4354-89D1-32CDE3AD664C} = {980FADEB-9276-41DD-BB25-9B655711E8F1}
		{3F0D646E-276E-4054-8F12-FD80093594D2} = {980FADEB-9276-41DD-BB25-9B655711E8F1}
		{8303C99A-D619-453D-AF66-9872AE8A3BE6} = {7CE7DEEF-071E-480C-A4A9-EAEB3380A539}
	EndGlobalSection
	GlobalSection(ExtensibilityGlobals) = postSolution
		SolutionGuid = {8CCCDD39-6A98-40BE-9A5C-40CB69E2CF76}
	EndGlobalSection
EndGlobal
