<?xml version="1.0" encoding="utf-8"?>
<Project ToolsVersion="4.0" xmlns="http://schemas.microsoft.com/developer/msbuild/2003">
  <ItemGroup>
    <ClCompile Include="GameState.cpp">
      <Filter>Src</Filter>
    </ClCompile>
    <ClCompile Include="WinMain.cpp">
      <Filter>Src</Filter>
    </ClCompile>
  </ItemGroup>
  <ItemGroup>
    <Filter Include="Header">
      <UniqueIdentifier>{b556a1d5-4a43-460c-af72-82bad1bf68eb}</UniqueIdentifier>
    </Filter>
    <Filter Include="Src">
      <UniqueIdentifier>{fa87c45f-1ce2-4cda-bb2d-b972c8024532}</UniqueIdentifier>
    </Filter>
  </ItemGroup>
  <ItemGroup>
    <ClInclude Include="GameState.h">
      <Filter>Header</Filter>
    </ClInclude>
  </ItemGroup>
</Project>